// !$*UTF8*$!
{
	archiveVersion = 1;
	classes = {
	};
	objectVersion = 46;
	objects = {

/* Begin PBXBuildFile section */
		DCB035001C1E5A8400380586 /* Naming.swift in Sources */ = {isa = PBXBuildFile; fileRef = DCB034FF1C1E5A8400380586 /* Naming.swift */; };
		DCB304B91C1E5A1300E960A2 /* AppDelegate.swift in Sources */ = {isa = PBXBuildFile; fileRef = DCB304B81C1E5A1300E960A2 /* AppDelegate.swift */; };
		DCB304BB1C1E5A1300E960A2 /* ViewController.swift in Sources */ = {isa = PBXBuildFile; fileRef = DCB304BA1C1E5A1300E960A2 /* ViewController.swift */; };
		DCB304BE1C1E5A1300E960A2 /* Main.storyboard in Resources */ = {isa = PBXBuildFile; fileRef = DCB304BC1C1E5A1300E960A2 /* Main.storyboard */; };
		DCB304C01C1E5A1300E960A2 /* Assets.xcassets in Resources */ = {isa = PBXBuildFile; fileRef = DCB304BF1C1E5A1300E960A2 /* Assets.xcassets */; };
		DCB304C31C1E5A1300E960A2 /* LaunchScreen.storyboard in Resources */ = {isa = PBXBuildFile; fileRef = DCB304C11C1E5A1300E960A2 /* LaunchScreen.storyboard */; };
		DCB304CE1C1E5A1300E960A2 /* Swift_Style_GuideTests.swift in Sources */ = {isa = PBXBuildFile; fileRef = DCB304CD1C1E5A1300E960A2 /* Swift_Style_GuideTests.swift */; };
		DCB304D91C1E5A1300E960A2 /* Swift_Style_GuideUITests.swift in Sources */ = {isa = PBXBuildFile; fileRef = DCB304D81C1E5A1300E960A2 /* Swift_Style_GuideUITests.swift */; };
/* End PBXBuildFile section */

/* Begin PBXContainerItemProxy section */
		DCB304CA1C1E5A1300E960A2 /* PBXContainerItemProxy */ = {
			isa = PBXContainerItemProxy;
			containerPortal = DCB304AD1C1E5A1300E960A2 /* Project object */;
			proxyType = 1;
			remoteGlobalIDString = DCB304B41C1E5A1300E960A2;
			remoteInfo = "Swift Style Guide";
		};
		DCB304D51C1E5A1300E960A2 /* PBXContainerItemProxy */ = {
			isa = PBXContainerItemProxy;
			containerPortal = DCB304AD1C1E5A1300E960A2 /* Project object */;
			proxyType = 1;
			remoteGlobalIDString = DCB304B41C1E5A1300E960A2;
			remoteInfo = "Swift Style Guide";
		};
/* End PBXContainerItemProxy section */

/* Begin PBXFileReference section */
		DCB034FF1C1E5A8400380586 /* Naming.swift */ = {isa = PBXFileReference; fileEncoding = 4; lastKnownFileType = sourcecode.swift; path = Naming.swift; sourceTree = "<group>"; };
		DCB304B51C1E5A1300E960A2 /* Swift Style Guide.app */ = {isa = PBXFileReference; explicitFileType = wrapper.application; includeInIndex = 0; path = "Swift Style Guide.app"; sourceTree = BUILT_PRODUCTS_DIR; };
		DCB304B81C1E5A1300E960A2 /* AppDelegate.swift */ = {isa = PBXFileReference; lastKnownFileType = sourcecode.swift; path = AppDelegate.swift; sourceTree = "<group>"; };
		DCB304BA1C1E5A1300E960A2 /* ViewController.swift */ = {isa = PBXFileReference; lastKnownFileType = sourcecode.swift; path = ViewController.swift; sourceTree = "<group>"; };
		DCB304BD1C1E5A1300E960A2 /* Base */ = {isa = PBXFileReference; lastKnownFileType = file.storyboard; name = Base; path = Base.lproj/Main.storyboard; sourceTree = "<group>"; };
		DCB304BF1C1E5A1300E960A2 /* Assets.xcassets */ = {isa = PBXFileReference; lastKnownFileType = folder.assetcatalog; path = Assets.xcassets; sourceTree = "<group>"; };
		DCB304C21C1E5A1300E960A2 /* Base */ = {isa = PBXFileReference; lastKnownFileType = file.storyboard; name = Base; path = Base.lproj/LaunchScreen.storyboard; sourceTree = "<group>"; };
		DCB304C41C1E5A1300E960A2 /* Info.plist */ = {isa = PBXFileReference; lastKnownFileType = text.plist.xml; path = Info.plist; sourceTree = "<group>"; };
		DCB304C91C1E5A1300E960A2 /* Swift Style GuideTests.xctest */ = {isa = PBXFileReference; explicitFileType = wrapper.cfbundle; includeInIndex = 0; path = "Swift Style GuideTests.xctest"; sourceTree = BUILT_PRODUCTS_DIR; };
		DCB304CD1C1E5A1300E960A2 /* Swift_Style_GuideTests.swift */ = {isa = PBXFileReference; lastKnownFileType = sourcecode.swift; path = Swift_Style_GuideTests.swift; sourceTree = "<group>"; };
		DCB304CF1C1E5A1300E960A2 /* Info.plist */ = {isa = PBXFileReference; lastKnownFileType = text.plist.xml; path = Info.plist; sourceTree = "<group>"; };
		DCB304D41C1E5A1300E960A2 /* Swift Style GuideUITests.xctest */ = {isa = PBXFileReference; explicitFileType = wrapper.cfbundle; includeInIndex = 0; path = "Swift Style GuideUITests.xctest"; sourceTree = BUILT_PRODUCTS_DIR; };
		DCB304D81C1E5A1300E960A2 /* Swift_Style_GuideUITests.swift */ = {isa = PBXFileReference; lastKnownFileType = sourcecode.swift; path = Swift_Style_GuideUITests.swift; sourceTree = "<group>"; };
		DCB304DA1C1E5A1300E960A2 /* Info.plist */ = {isa = PBXFileReference; lastKnownFileType = text.plist.xml; path = Info.plist; sourceTree = "<group>"; };
/* End PBXFileReference section */

/* Begin PBXFrameworksBuildPhase section */
		DCB304B21C1E5A1300E960A2 /* Frameworks */ = {
			isa = PBXFrameworksBuildPhase;
			buildActionMask = 2147483647;
			files = (
			);
			runOnlyForDeploymentPostprocessing = 0;
		};
		DCB304C61C1E5A1300E960A2 /* Frameworks */ = {
			isa = PBXFrameworksBuildPhase;
			buildActionMask = 2147483647;
			files = (
			);
			runOnlyForDeploymentPostprocessing = 0;
		};
		DCB304D11C1E5A1300E960A2 /* Frameworks */ = {
			isa = PBXFrameworksBuildPhase;
			buildActionMask = 2147483647;
			files = (
			);
			runOnlyForDeploymentPostprocessing = 0;
		};
/* End PBXFrameworksBuildPhase section */

/* Begin PBXGroup section */
		DCB304AC1C1E5A1300E960A2 = {
			isa = PBXGroup;
			children = (
				DCB304B71C1E5A1300E960A2 /* Swift Style Guide */,
				DCB304CC1C1E5A1300E960A2 /* Swift Style GuideTests */,
				DCB304D71C1E5A1300E960A2 /* Swift Style GuideUITests */,
				DCB304B61C1E5A1300E960A2 /* Products */,
			);
			sourceTree = "<group>";
		};
		DCB304B61C1E5A1300E960A2 /* Products */ = {
			isa = PBXGroup;
			children = (
				DCB304B51C1E5A1300E960A2 /* Swift Style Guide.app */,
				DCB304C91C1E5A1300E960A2 /* Swift Style GuideTests.xctest */,
				DCB304D41C1E5A1300E960A2 /* Swift Style GuideUITests.xctest */,
			);
			name = Products;
			sourceTree = "<group>";
		};
		DCB304B71C1E5A1300E960A2 /* Swift Style Guide */ = {
			isa = PBXGroup;
			children = (
				DCB304B81C1E5A1300E960A2 /* AppDelegate.swift */,
				DCB304BA1C1E5A1300E960A2 /* ViewController.swift */,
				DCB034FF1C1E5A8400380586 /* Naming.swift */,
				DCB304BC1C1E5A1300E960A2 /* Main.storyboard */,
				DCB304BF1C1E5A1300E960A2 /* Assets.xcassets */,
				DCB304C11C1E5A1300E960A2 /* LaunchScreen.storyboard */,
				DCB304C41C1E5A1300E960A2 /* Info.plist */,
			);
			path = "Swift Style Guide";
			sourceTree = "<group>";
		};
		DCB304CC1C1E5A1300E960A2 /* Swift Style GuideTests */ = {
			isa = PBXGroup;
			children = (
				DCB304CD1C1E5A1300E960A2 /* Swift_Style_GuideTests.swift */,
				DCB304CF1C1E5A1300E960A2 /* Info.plist */,
			);
			path = "Swift Style GuideTests";
			sourceTree = "<group>";
		};
		DCB304D71C1E5A1300E960A2 /* Swift Style GuideUITests */ = {
			isa = PBXGroup;
			children = (
				DCB304D81C1E5A1300E960A2 /* Swift_Style_GuideUITests.swift */,
				DCB304DA1C1E5A1300E960A2 /* Info.plist */,
			);
			path = "Swift Style GuideUITests";
			sourceTree = "<group>";
		};
/* End PBXGroup section */

/* Begin PBXNativeTarget section */
		DCB304B41C1E5A1300E960A2 /* Swift Style Guide */ = {
			isa = PBXNativeTarget;
			buildConfigurationList = DCB304DD1C1E5A1300E960A2 /* Build configuration list for PBXNativeTarget "Swift Style Guide" */;
			buildPhases = (
				DCB304B11C1E5A1300E960A2 /* Sources */,
				DCB304B21C1E5A1300E960A2 /* Frameworks */,
				DCB304B31C1E5A1300E960A2 /* Resources */,
			);
			buildRules = (
			);
			dependencies = (
			);
			name = "Swift Style Guide";
			productName = "Swift Style Guide";
			productReference = DCB304B51C1E5A1300E960A2 /* Swift Style Guide.app */;
			productType = "com.apple.product-type.application";
		};
		DCB304C81C1E5A1300E960A2 /* Swift Style GuideTests */ = {
			isa = PBXNativeTarget;
			buildConfigurationList = DCB304E01C1E5A1300E960A2 /* Build configuration list for PBXNativeTarget "Swift Style GuideTests" */;
			buildPhases = (
				DCB304C51C1E5A1300E960A2 /* Sources */,
				DCB304C61C1E5A1300E960A2 /* Frameworks */,
				DCB304C71C1E5A1300E960A2 /* Resources */,
			);
			buildRules = (
			);
			dependencies = (
				DCB304CB1C1E5A1300E960A2 /* PBXTargetDependency */,
			);
			name = "Swift Style GuideTests";
			productName = "Swift Style GuideTests";
			productReference = DCB304C91C1E5A1300E960A2 /* Swift Style GuideTests.xctest */;
			productType = "com.apple.product-type.bundle.unit-test";
		};
		DCB304D31C1E5A1300E960A2 /* Swift Style GuideUITests */ = {
			isa = PBXNativeTarget;
			buildConfigurationList = DCB304E31C1E5A1300E960A2 /* Build configuration list for PBXNativeTarget "Swift Style GuideUITests" */;
			buildPhases = (
				DCB304D01C1E5A1300E960A2 /* Sources */,
				DCB304D11C1E5A1300E960A2 /* Frameworks */,
				DCB304D21C1E5A1300E960A2 /* Resources */,
			);
			buildRules = (
			);
			dependencies = (
				DCB304D61C1E5A1300E960A2 /* PBXTargetDependency */,
			);
			name = "Swift Style GuideUITests";
			productName = "Swift Style GuideUITests";
			productReference = DCB304D41C1E5A1300E960A2 /* Swift Style GuideUITests.xctest */;
			productType = "com.apple.product-type.bundle.ui-testing";
		};
/* End PBXNativeTarget section */

/* Begin PBXProject section */
		DCB304AD1C1E5A1300E960A2 /* Project object */ = {
			isa = PBXProject;
			attributes = {
				LastSwiftUpdateCheck = 0720;
				LastUpgradeCheck = 0720;
				ORGANIZATIONNAME = Guicai.Li;
				TargetAttributes = {
					DCB304B41C1E5A1300E960A2 = {
						CreatedOnToolsVersion = 7.2;
					};
					DCB304C81C1E5A1300E960A2 = {
						CreatedOnToolsVersion = 7.2;
						TestTargetID = DCB304B41C1E5A1300E960A2;
					};
					DCB304D31C1E5A1300E960A2 = {
						CreatedOnToolsVersion = 7.2;
						TestTargetID = DCB304B41C1E5A1300E960A2;
					};
				};
			};
			buildConfigurationList = DCB304B01C1E5A1300E960A2 /* Build configuration list for PBXProject "Swift Style Guide" */;
			compatibilityVersion = "Xcode 3.2";
			developmentRegion = English;
			hasScannedForEncodings = 0;
			knownRegions = (
				en,
				Base,
			);
			mainGroup = DCB304AC1C1E5A1300E960A2;
			productRefGroup = DCB304B61C1E5A1300E960A2 /* Products */;
			projectDirPath = "";
			projectRoot = "";
			targets = (
				DCB304B41C1E5A1300E960A2 /* Swift Style Guide */,
				DCB304C81C1E5A1300E960A2 /* Swift Style GuideTests */,
				DCB304D31C1E5A1300E960A2 /* Swift Style GuideUITests */,
			);
		};
/* End PBXProject section */

/* Begin PBXResourcesBuildPhase section */
		DCB304B31C1E5A1300E960A2 /* Resources */ = {
			isa = PBXResourcesBuildPhase;
			buildActionMask = 2147483647;
			files = (
				DCB304C31C1E5A1300E960A2 /* LaunchScreen.storyboard in Resources */,
				DCB304C01C1E5A1300E960A2 /* Assets.xcassets in Resources */,
				DCB304BE1C1E5A1300E960A2 /* Main.storyboard in Resources */,
			);
			runOnlyForDeploymentPostprocessing = 0;
		};
		DCB304C71C1E5A1300E960A2 /* Resources */ = {
			isa = PBXResourcesBuildPhase;
			buildActionMask = 2147483647;
			files = (
			);
			runOnlyForDeploymentPostprocessing = 0;
		};
		DCB304D21C1E5A1300E960A2 /* Resources */ = {
			isa = PBXResourcesBuildPhase;
			buildActionMask = 2147483647;
			files = (
			);
			runOnlyForDeploymentPostprocessing = 0;
		};
/* End PBXResourcesBuildPhase section */

/* Begin PBXSourcesBuildPhase section */
		DCB304B11C1E5A1300E960A2 /* Sources */ = {
			isa = PBXSourcesBuildPhase;
			buildActionMask = 2147483647;
			files = (
				DCB304BB1C1E5A1300E960A2 /* ViewController.swift in Sources */,
				DCB304B91C1E5A1300E960A2 /* AppDelegate.swift in Sources */,
				DCB035001C1E5A8400380586 /* Naming.swift in Sources */,
			);
			runOnlyForDeploymentPostprocessing = 0;
		};
		DCB304C51C1E5A1300E960A2 /* Sources */ = {
			isa = PBXSourcesBuildPhase;
			buildActionMask = 2147483647;
			files = (
				DCB304CE1C1E5A1300E960A2 /* Swift_Style_GuideTests.swift in Sources */,
			);
			runOnlyForDeploymentPostprocessing = 0;
		};
		DCB304D01C1E5A1300E960A2 /* Sources */ = {
			isa = PBXSourcesBuildPhase;
			buildActionMask = 2147483647;
			files = (
				DCB304D91C1E5A1300E960A2 /* Swift_Style_GuideUITests.swift in Sources */,
			);
			runOnlyForDeploymentPostprocessing = 0;
		};
/* End PBXSourcesBuildPhase section */

/* Begin PBXTargetDependency section */
		DCB304CB1C1E5A1300E960A2 /* PBXTargetDependency */ = {
			isa = PBXTargetDependency;
			target = DCB304B41C1E5A1300E960A2 /* Swift Style Guide */;
			targetProxy = DCB304CA1C1E5A1300E960A2 /* PBXContainerItemProxy */;
		};
		DCB304D61C1E5A1300E960A2 /* PBXTargetDependency */ = {
			isa = PBXTargetDependency;
			target = DCB304B41C1E5A1300E960A2 /* Swift Style Guide */;
			targetProxy = DCB304D51C1E5A1300E960A2 /* PBXContainerItemProxy */;
		};
/* End PBXTargetDependency section */

/* Begin PBXVariantGroup section */
		DCB304BC1C1E5A1300E960A2 /* Main.storyboard */ = {
			isa = PBXVariantGroup;
			children = (
				DCB304BD1C1E5A1300E960A2 /* Base */,
			);
			name = Main.storyboard;
			sourceTree = "<group>";
		};
		DCB304C11C1E5A1300E960A2 /* LaunchScreen.storyboard */ = {
			isa = PBXVariantGroup;
			children = (
				DCB304C21C1E5A1300E960A2 /* Base */,
			);
			name = LaunchScreen.storyboard;
			sourceTree = "<group>";
		};
/* End PBXVariantGroup section */

/* Begin XCBuildConfiguration section */
		DCB304DB1C1E5A1300E960A2 /* Debug */ = {
			isa = XCBuildConfiguration;
			buildSettings = {
				ALWAYS_SEARCH_USER_PATHS = NO;
				CLANG_CXX_LANGUAGE_STANDARD = "gnu++0x";
				CLANG_CXX_LIBRARY = "libc++";
				CLANG_ENABLE_MODULES = YES;
				CLANG_ENABLE_OBJC_ARC = YES;
				CLANG_WARN_BOOL_CONVERSION = YES;
				CLANG_WARN_CONSTANT_CONVERSION = YES;
				CLANG_WARN_DIRECT_OBJC_ISA_USAGE = YES_ERROR;
				CLANG_WARN_EMPTY_BODY = YES;
				CLANG_WARN_ENUM_CONVERSION = YES;
				CLANG_WARN_INT_CONVERSION = YES;
				CLANG_WARN_OBJC_ROOT_CLASS = YES_ERROR;
				CLANG_WARN_UNREACHABLE_CODE = YES;
				CLANG_WARN__DUPLICATE_METHOD_MATCH = YES;
				"CODE_SIGN_IDENTITY[sdk=iphoneos*]" = "iPhone Developer";
				COPY_PHASE_STRIP = NO;
				DEBUG_INFORMATION_FORMAT = dwarf;
				ENABLE_STRICT_OBJC_MSGSEND = YES;
				ENABLE_TESTABILITY = YES;
				GCC_C_LANGUAGE_STANDARD = gnu99;
				GCC_DYNAMIC_NO_PIC = NO;
				GCC_NO_COMMON_BLOCKS = YES;
				GCC_OPTIMIZATION_LEVEL = 0;
				GCC_PREPROCESSOR_DEFINITIONS = (
					"DEBUG=1",
					"$(inherited)",
				);
				GCC_WARN_64_TO_32_BIT_CONVERSION = YES;
				GCC_WARN_ABOUT_RETURN_TYPE = YES_ERROR;
				GCC_WARN_UNDECLARED_SELECTOR = YES;
				GCC_WARN_UNINITIALIZED_AUTOS = YES_AGGRESSIVE;
				GCC_WARN_UNUSED_FUNCTION = YES;
				GCC_WARN_UNUSED_VARIABLE = YES;
				IPHONEOS_DEPLOYMENT_TARGET = 9.2;
				MTL_ENABLE_DEBUG_INFO = YES;
				ONLY_ACTIVE_ARCH = YES;
				SDKROOT = iphoneos;
				SWIFT_OPTIMIZATION_LEVEL = "-Onone";
				TARGETED_DEVICE_FAMILY = "1,2";
			};
			name = Debug;
		};
		DCB304DC1C1E5A1300E960A2 /* Release */ = {
			isa = XCBuildConfiguration;
			buildSettings = {
				ALWAYS_SEARCH_USER_PATHS = NO;
				CLANG_CXX_LANGUAGE_STANDARD = "gnu++0x";
				CLANG_CXX_LIBRARY = "libc++";
				CLANG_ENABLE_MODULES = YES;
				CLANG_ENABLE_OBJC_ARC = YES;
				CLANG_WARN_BOOL_CONVERSION = YES;
				CLANG_WARN_CONSTANT_CONVERSION = YES;
				CLANG_WARN_DIRECT_OBJC_ISA_USAGE = YES_ERROR;
				CLANG_WARN_EMPTY_BODY = YES;
				CLANG_WARN_ENUM_CONVERSION = YES;
				CLANG_WARN_INT_CONVERSION = YES;
				CLANG_WARN_OBJC_ROOT_CLASS = YES_ERROR;
				CLANG_WARN_UNREACHABLE_CODE = YES;
				CLANG_WARN__DUPLICATE_METHOD_MATCH = YES;
				"CODE_SIGN_IDENTITY[sdk=iphoneos*]" = "iPhone Developer";
				COPY_PHASE_STRIP = NO;
				DEBUG_INFORMATION_FORMAT = "dwarf-with-dsym";
				ENABLE_NS_ASSERTIONS = NO;
				ENABLE_STRICT_OBJC_MSGSEND = YES;
				GCC_C_LANGUAGE_STANDARD = gnu99;
				GCC_NO_COMMON_BLOCKS = YES;
				GCC_WARN_64_TO_32_BIT_CONVERSION = YES;
				GCC_WARN_ABOUT_RETURN_TYPE = YES_ERROR;
				GCC_WARN_UNDECLARED_SELECTOR = YES;
				GCC_WARN_UNINITIALIZED_AUTOS = YES_AGGRESSIVE;
				GCC_WARN_UNUSED_FUNCTION = YES;
				GCC_WARN_UNUSED_VARIABLE = YES;
				IPHONEOS_DEPLOYMENT_TARGET = 9.2;
				MTL_ENABLE_DEBUG_INFO = NO;
				SDKROOT = iphoneos;
				TARGETED_DEVICE_FAMILY = "1,2";
				VALIDATE_PRODUCT = YES;
			};
			name = Release;
		};
		DCB304DE1C1E5A1300E960A2 /* Debug */ = {
			isa = XCBuildConfiguration;
			buildSettings = {
				ASSETCATALOG_COMPILER_APPICON_NAME = AppIcon;
				INFOPLIST_FILE = "Swift Style Guide/Info.plist";
				LD_RUNPATH_SEARCH_PATHS = "$(inherited) @executable_path/Frameworks";
				PRODUCT_BUNDLE_IDENTIFIER = "guicai.li.china-gmail.com.Swift-Style-Guide";
				PRODUCT_NAME = "$(TARGET_NAME)";
			};
			name = Debug;
		};
		DCB304DF1C1E5A1300E960A2 /* Release */ = {
			isa = XCBuildConfiguration;
			buildSettings = {
				ASSETCATALOG_COMPILER_APPICON_NAME = AppIcon;
				INFOPLIST_FILE = "Swift Style Guide/Info.plist";
				LD_RUNPATH_SEARCH_PATHS = "$(inherited) @executable_path/Frameworks";
				PRODUCT_BUNDLE_IDENTIFIER = "guicai.li.china-gmail.com.Swift-Style-Guide";
				PRODUCT_NAME = "$(TARGET_NAME)";
			};
			name = Release;
		};
		DCB304E11C1E5A1300E960A2 /* Debug */ = {
			isa = XCBuildConfiguration;
			buildSettings = {
				BUNDLE_LOADER = "$(TEST_HOST)";
				INFOPLIST_FILE = "Swift Style GuideTests/Info.plist";
				LD_RUNPATH_SEARCH_PATHS = "$(inherited) @executable_path/Frameworks @loader_path/Frameworks";
				PRODUCT_BUNDLE_IDENTIFIER = "guicai.li.china-gmail.com.Swift-Style-GuideTests";
				PRODUCT_NAME = "$(TARGET_NAME)";
				TEST_HOST = "$(BUILT_PRODUCTS_DIR)/Swift Style Guide.app/Swift Style Guide";
			};
			name = Debug;
		};
		DCB304E21C1E5A1300E960A2 /* Release */ = {
			isa = XCBuildConfiguration;
			buildSettings = {
				BUNDLE_LOADER = "$(TEST_HOST)";
				INFOPLIST_FILE = "Swift Style GuideTests/Info.plist";
				LD_RUNPATH_SEARCH_PATHS = "$(inherited) @executable_path/Frameworks @loader_path/Frameworks";
				PRODUCT_BUNDLE_IDENTIFIER = "guicai.li.china-gmail.com.Swift-Style-GuideTests";
				PRODUCT_NAME = "$(TARGET_NAME)";
				TEST_HOST = "$(BUILT_PRODUCTS_DIR)/Swift Style Guide.app/Swift Style Guide";
			};
			name = Release;
		};
		DCB304E41C1E5A1300E960A2 /* Debug */ = {
			isa = XCBuildConfiguration;
			buildSettings = {
				INFOPLIST_FILE = "Swift Style GuideUITests/Info.plist";
				LD_RUNPATH_SEARCH_PATHS = "$(inherited) @executable_path/Frameworks @loader_path/Frameworks";
				PRODUCT_BUNDLE_IDENTIFIER = "guicai.li.china-gmail.com.Swift-Style-GuideUITests";
				PRODUCT_NAME = "$(TARGET_NAME)";
				TEST_TARGET_NAME = "Swift Style Guide";
				USES_XCTRUNNER = YES;
			};
			name = Debug;
		};
		DCB304E51C1E5A1300E960A2 /* Release */ = {
			isa = XCBuildConfiguration;
			buildSettings = {
				INFOPLIST_FILE = "Swift Style GuideUITests/Info.plist";
				LD_RUNPATH_SEARCH_PATHS = "$(inherited) @executable_path/Frameworks @loader_path/Frameworks";
				PRODUCT_BUNDLE_IDENTIFIER = "guicai.li.china-gmail.com.Swift-Style-GuideUITests";
				PRODUCT_NAME = "$(TARGET_NAME)";
				TEST_TARGET_NAME = "Swift Style Guide";
				USES_XCTRUNNER = YES;
			};
			name = Release;
		};
/* End XCBuildConfiguration section */

/* Begin XCConfigurationList section */
		DCB304B01C1E5A1300E960A2 /* Build configuration list for PBXProject "Swift Style Guide" */ = {
			isa = XCConfigurationList;
			buildConfigurations = (
				DCB304DB1C1E5A1300E960A2 /* Debug */,
				DCB304DC1C1E5A1300E960A2 /* Release */,
			);
			defaultConfigurationIsVisible = 0;
			defaultConfigurationName = Release;
		};
		DCB304DD1C1E5A1300E960A2 /* Build configuration list for PBXNativeTarget "Swift Style Guide" */ = {
			isa = XCConfigurationList;
			buildConfigurations = (
				DCB304DE1C1E5A1300E960A2 /* Debug */,
				DCB304DF1C1E5A1300E960A2 /* Release */,
			);
			defaultConfigurationIsVisible = 0;
			defaultConfigurationName = Release;
		};
		DCB304E01C1E5A1300E960A2 /* Build configuration list for PBXNativeTarget "Swift Style GuideTests" */ = {
			isa = XCConfigurationList;
			buildConfigurations = (
				DCB304E11C1E5A1300E960A2 /* Debug */,
				DCB304E21C1E5A1300E960A2 /* Release */,
			);
			defaultConfigurationIsVisible = 0;
			defaultConfigurationName = Release;
		};
		DCB304E31C1E5A1300E960A2 /* Build configuration list for PBXNativeTarget "Swift Style GuideUITests" */ = {
			isa = XCConfigurationList;
			buildConfigurations = (
				DCB304E41C1E5A1300E960A2 /* Debug */,
				DCB304E51C1E5A1300E960A2 /* Release */,
			);
			defaultConfigurationIsVisible = 0;
			defaultConfigurationName = Release;
		};
/* End XCConfigurationList section */
	};
	rootObject = DCB304AD1C1E5A1300E960A2 /* Project object */;
}
